
Microsoft Visual Studio Solution File, Format Version 12.00
# Visual Studio Version 16
VisualStudioVersion = 16.0.30114.105
MinimumVisualStudioVersion = 10.0.40219.1
Project("{2150E333-8FDC-42A3-9474-1A3956D46DE8}") = "src", "src", "{82AAF9CA-1759-4ADB-98E0-8CF8A3351377}"
EndProject
Project("{2150E333-8FDC-42A3-9474-1A3956D46DE8}") = "core", "core", "{08DD4E9B-96A2-4913-876B-8536CDDFE169}"
EndProject
Project("{FAE04EC0-301F-11D3-BF4B-00C04F79EFBC}") = "Travel.Domain", "src\core\Travel.Domain\Travel.Domain.csproj", "{C8926035-22A9-4B4C-BFF3-0A0D7939EE37}"
EndProject
Project("{FAE04EC0-301F-11D3-BF4B-00C04F79EFBC}") = "Travel.Application", "src\core\Travel.Application\Travel.Application.csproj", "{48BA9C54-3B6D-47B7-ADF6-1B50F6DAA968}"
EndProject
Project("{2150E333-8FDC-42A3-9474-1A3956D46DE8}") = "infrastructure", "infrastructure", "{C3769490-0B55-4BD7-A937-DF3C461DF285}"
EndProject
Project("{FAE04EC0-301F-11D3-BF4B-00C04F79EFBC}") = "Travel.Data", "src\infrastructure\Travel.Data\Travel.Data.csproj", "{1CEEEDA4-A449-4795-9BB4-C835594C9572}"
EndProject
Project("{FAE04EC0-301F-11D3-BF4B-00C04F79EFBC}") = "Travel.Shared", "src\infrastructure\Travel.Shared\Travel.Shared.csproj", "{5D16E085-DC03-4FA2-B6EC-4FB5DA0958B5}"
EndProject
Project("{2150E333-8FDC-42A3-9474-1A3956D46DE8}") = "presentation", "presentation", "{3C0958E7-7E81-416F-BDAB-3145E07ECECA}"
EndProject
Project("{FAE04EC0-301F-11D3-BF4B-00C04F79EFBC}") = "Travel.WebApi", "src\presentation\Travel.WebApi\Travel.WebApi.csproj", "{88A04F26-0113-4BEF-AA8C-CF34620E9D44}"
EndProject
Global
	GlobalSection(SolutionConfigurationPlatforms) = preSolution
		Debug|Any CPU = Debug|Any CPU
		Debug|x64 = Debug|x64
		Debug|x86 = Debug|x86
		Release|Any CPU = Release|Any CPU
		Release|x64 = Release|x64
		Release|x86 = Release|x86
	EndGlobalSection
	GlobalSection(SolutionProperties) = preSolution
		HideSolutionNode = FALSE
	EndGlobalSection
	GlobalSection(ProjectConfigurationPlatforms) = postSolution
		{C8926035-22A9-4B4C-BFF3-0A0D7939EE37}.Debug|Any CPU.ActiveCfg = Debug|Any CPU
		{C8926035-22A9-4B4C-BFF3-0A0D7939EE37}.Debug|Any CPU.Build.0 = Debug|Any CPU
		{C8926035-22A9-4B4C-BFF3-0A0D7939EE37}.Debug|x64.ActiveCfg = Debug|Any CPU
		{C8926035-22A9-4B4C-BFF3-0A0D7939EE37}.Debug|x64.Build.0 = Debug|Any CPU
		{C8926035-22A9-4B4C-BFF3-0A0D7939EE37}.Debug|x86.ActiveCfg = Debug|Any CPU
		{C8926035-22A9-4B4C-BFF3-0A0D7939EE37}.Debug|x86.Build.0 = Debug|Any CPU
		{C8926035-22A9-4B4C-BFF3-0A0D7939EE37}.Release|Any CPU.ActiveCfg = Release|Any CPU
		{C8926035-22A9-4B4C-BFF3-0A0D7939EE37}.Release|Any CPU.Build.0 = Release|Any CPU
		{C8926035-22A9-4B4C-BFF3-0A0D7939EE37}.Release|x64.ActiveCfg = Release|Any CPU
		{C8926035-22A9-4B4C-BFF3-0A0D7939EE37}.Release|x64.Build.0 = Release|Any CPU
		{C8926035-22A9-4B4C-BFF3-0A0D7939EE37}.Release|x86.ActiveCfg = Release|Any CPU
		{C8926035-22A9-4B4C-BFF3-0A0D7939EE37}.Release|x86.Build.0 = Release|Any CPU
		{48BA9C54-3B6D-47B7-ADF6-1B50F6DAA968}.Debug|Any CPU.ActiveCfg = Debug|Any CPU
		{48BA9C54-3B6D-47B7-ADF6-1B50F6DAA968}.Debug|Any CPU.Build.0 = Debug|Any CPU
		{48BA9C54-3B6D-47B7-ADF6-1B50F6DAA968}.Debug|x64.ActiveCfg = Debug|Any CPU
		{48BA9C54-3B6D-47B7-ADF6-1B50F6DAA968}.Debug|x64.Build.0 = Debug|Any CPU
		{48BA9C54-3B6D-47B7-ADF6-1B50F6DAA968}.Debug|x86.ActiveCfg = Debug|Any CPU
		{48BA9C54-3B6D-47B7-ADF6-1B50F6DAA968}.Debug|x86.Build.0 = Debug|Any CPU
		{48BA9C54-3B6D-47B7-ADF6-1B50F6DAA968}.Release|Any CPU.ActiveCfg = Release|Any CPU
		{48BA9C54-3B6D-47B7-ADF6-1B50F6DAA968}.Release|Any CPU.Build.0 = Release|Any CPU
		{48BA9C54-3B6D-47B7-ADF6-1B50F6DAA968}.Release|x64.ActiveCfg = Release|Any CPU
		{48BA9C54-3B6D-47B7-ADF6-1B50F6DAA968}.Release|x64.Build.0 = Release|Any CPU
		{48BA9C54-3B6D-47B7-ADF6-1B50F6DAA968}.Release|x86.ActiveCfg = Release|Any CPU
		{48BA9C54-3B6D-47B7-ADF6-1B50F6DAA968}.Release|x86.Build.0 = Release|Any CPU
		{1CEEEDA4-A449-4795-9BB4-C835594C9572}.Debug|Any CPU.ActiveCfg = Debug|Any CPU
		{1CEEEDA4-A449-4795-9BB4-C835594C9572}.Debug|Any CPU.Build.0 = Debug|Any CPU
		{1CEEEDA4-A449-4795-9BB4-C835594C9572}.Debug|x64.ActiveCfg = Debug|Any CPU
		{1CEEEDA4-A449-4795-9BB4-C835594C9572}.Debug|x64.Build.0 = Debug|Any CPU
		{1CEEEDA4-A449-4795-9BB4-C835594C9572}.Debug|x86.ActiveCfg = Debug|Any CPU
		{1CEEEDA4-A449-4795-9BB4-C835594C9572}.Debug|x86.Build.0 = Debug|Any CPU
		{1CEEEDA4-A449-4795-9BB4-C835594C9572}.Release|Any CPU.ActiveCfg = Release|Any CPU
		{1CEEEDA4-A449-4795-9BB4-C835594C9572}.Release|Any CPU.Build.0 = Release|Any CPU
		{1CEEEDA4-A449-4795-9BB4-C835594C9572}.Release|x64.ActiveCfg = Release|Any CPU
		{1CEEEDA4-A449-4795-9BB4-C835594C9572}.Release|x64.Build.0 = Release|Any CPU
		{1CEEEDA4-A449-4795-9BB4-C835594C9572}.Release|x86.ActiveCfg = Release|Any CPU
		{1CEEEDA4-A449-4795-9BB4-C835594C9572}.Release|x86.Build.0 = Release|Any CPU
		{5D16E085-DC03-4FA2-B6EC-4FB5DA0958B5}.Debug|Any CPU.ActiveCfg = Debug|Any CPU
		{5D16E085-DC03-4FA2-B6EC-4FB5DA0958B5}.Debug|Any CPU.Build.0 = Debug|Any CPU
		{5D16E085-DC03-4FA2-B6EC-4FB5DA0958B5}.Debug|x64.ActiveCfg = Debug|Any CPU
		{5D16E085-DC03-4FA2-B6EC-4FB5DA0958B5}.Debug|x64.Build.0 = Debug|Any CPU
		{5D16E085-DC03-4FA2-B6EC-4FB5DA0958B5}.Debug|x86.ActiveCfg = Debug|Any CPU
		{5D16E085-DC03-4FA2-B6EC-4FB5DA0958B5}.Debug|x86.Build.0 = Debug|Any CPU
		{5D16E085-DC03-4FA2-B6EC-4FB5DA0958B5}.Release|Any CPU.ActiveCfg = Release|Any CPU
		{5D16E085-DC03-4FA2-B6EC-4FB5DA0958B5}.Release|Any CPU.Build.0 = Release|Any CPU
		{5D16E085-DC03-4FA2-B6EC-4FB5DA0958B5}.Release|x64.ActiveCfg = Release|Any CPU
		{5D16E085-DC03-4FA2-B6EC-4FB5DA0958B5}.Release|x64.Build.0 = Release|Any CPU
		{5D16E085-DC03-4FA2-B6EC-4FB5DA0958B5}.Release|x86.ActiveCfg = Release|Any CPU
		{5D16E085-DC03-4FA2-B6EC-4FB5DA0958B5}.Release|x86.Build.0 = Release|Any CPU
		{88A04F26-0113-4BEF-AA8C-CF34620E9D44}.Debug|Any CPU.ActiveCfg = Debug|Any CPU
		{88A04F26-0113-4BEF-AA8C-CF34620E9D44}.Debug|Any CPU.Build.0 = Debug|Any CPU
		{88A04F26-0113-4BEF-AA8C-CF34620E9D44}.Debug|x64.ActiveCfg = Debug|Any CPU
		{88A04F26-0113-4BEF-AA8C-CF34620E9D44}.Debug|x64.Build.0 = Debug|Any CPU
		{88A04F26-0113-4BEF-AA8C-CF34620E9D44}.Debug|x86.ActiveCfg = Debug|Any CPU
		{88A04F26-0113-4BEF-AA8C-CF34620E9D44}.Debug|x86.Build.0 = Debug|Any CPU
		{88A04F26-0113-4BEF-AA8C-CF34620E9D44}.Release|Any CPU.ActiveCfg = Release|Any CPU
		{88A04F26-0113-4BEF-AA8C-CF34620E9D44}.Release|Any CPU.Build.0 = Release|Any CPU
		{88A04F26-0113-4BEF-AA8C-CF34620E9D44}.Release|x64.ActiveCfg = Release|Any CPU
		{88A04F26-0113-4BEF-AA8C-CF34620E9D44}.Release|x64.Build.0 = Release|Any CPU
		{88A04F26-0113-4BEF-AA8C-CF34620E9D44}.Release|x86.ActiveCfg = Release|Any CPU
		{88A04F26-0113-4BEF-AA8C-CF34620E9D44}.Release|x86.Build.0 = Release|Any CPU
	EndGlobalSection
	GlobalSection(NestedProjects) = preSolution
		{08DD4E9B-96A2-4913-876B-8536CDDFE169} = {82AAF9CA-1759-4ADB-98E0-8CF8A3351377}
		{C8926035-22A9-4B4C-BFF3-0A0D7939EE37} = {08DD4E9B-96A2-4913-876B-8536CDDFE169}
		{48BA9C54-3B6D-47B7-ADF6-1B50F6DAA968} = {08DD4E9B-96A2-4913-876B-8536CDDFE169}
		{C3769490-0B55-4BD7-A937-DF3C461DF285} = {82AAF9CA-1759-4ADB-98E0-8CF8A3351377}
		{1CEEEDA4-A449-4795-9BB4-C835594C9572} = {C3769490-0B55-4BD7-A937-DF3C461DF285}
		{5D16E085-DC03-4FA2-B6EC-4FB5DA0958B5} = {C3769490-0B55-4BD7-A937-DF3C461DF285}
		{3C0958E7-7E81-416F-BDAB-3145E07ECECA} = {82AAF9CA-1759-4ADB-98E0-8CF8A3351377}
		{88A04F26-0113-4BEF-AA8C-CF34620E9D44} = {3C0958E7-7E81-416F-BDAB-3145E07ECECA}
	EndGlobalSection
EndGlobal
